// !$*UTF8*$!
{
	archiveVersion = 1;
	classes = {
	};
	objectVersion = 48;
	objects = {

/* Begin PBXBuildFile section */
		452A38831FC3C1FB003B574E /* AppDelegate.swift in Sources */ = {isa = PBXBuildFile; fileRef = 452A38821FC3C1FB003B574E /* AppDelegate.swift */; };
		452A38851FC3C1FB003B574E /* ViewController.swift in Sources */ = {isa = PBXBuildFile; fileRef = 452A38841FC3C1FB003B574E /* ViewController.swift */; };
		452A38881FC3C1FB003B574E /* Main.storyboard in Resources */ = {isa = PBXBuildFile; fileRef = 452A38861FC3C1FB003B574E /* Main.storyboard */; };
		452A388A1FC3C1FB003B574E /* Assets.xcassets in Resources */ = {isa = PBXBuildFile; fileRef = 452A38891FC3C1FB003B574E /* Assets.xcassets */; };
		452A388D1FC3C1FB003B574E /* LaunchScreen.storyboard in Resources */ = {isa = PBXBuildFile; fileRef = 452A388B1FC3C1FB003B574E /* LaunchScreen.storyboard */; };
		452A38981FC3C289003B574E /* CCExchangeView.swift in Sources */ = {isa = PBXBuildFile; fileRef = 452A38971FC3C289003B574E /* CCExchangeView.swift */; };
/* End PBXBuildFile section */

/* Begin PBXFileReference section */
		452A387F1FC3C1FB003B574E /* ExchangeLabel.app */ = {isa = PBXFileReference; explicitFileType = wrapper.application; includeInIndex = 0; path = ExchangeLabel.app; sourceTree = BUILT_PRODUCTS_DIR; };
		452A38821FC3C1FB003B574E /* AppDelegate.swift */ = {isa = PBXFileReference; lastKnownFileType = sourcecode.swift; path = AppDelegate.swift; sourceTree = "<group>"; };
		452A38841FC3C1FB003B574E /* ViewController.swift */ = {isa = PBXFileReference; lastKnownFileType = sourcecode.swift; path = ViewController.swift; sourceTree = "<group>"; };
		452A38871FC3C1FB003B574E /* Base */ = {isa = PBXFileReference; lastKnownFileType = file.storyboard; name = Base; path = Base.lproj/Main.storyboard; sourceTree = "<group>"; };
		452A38891FC3C1FB003B574E /* Assets.xcassets */ = {isa = PBXFileReference; lastKnownFileType = folder.assetcatalog; path = Assets.xcassets; sourceTree = "<group>"; };
		452A388C1FC3C1FB003B574E /* Base */ = {isa = PBXFileReference; lastKnownFileType = file.storyboard; name = Base; path = Base.lproj/LaunchScreen.storyboard; sourceTree = "<group>"; };
		452A388E1FC3C1FB003B574E /* Info.plist */ = {isa = PBXFileReference; lastKnownFileType = text.plist.xml; path = Info.plist; sourceTree = "<group>"; };
		452A38971FC3C289003B574E /* CCExchangeView.swift */ = {isa = PBXFileReference; lastKnownFileType = sourcecode.swift; path = CCExchangeView.swift; sourceTree = "<group>"; };
/* End PBXFileReference section */

/* Begin PBXFrameworksBuildPhase section */
		452A387C1FC3C1FB003B574E /* Frameworks */ = {
			isa = PBXFrameworksBuildPhase;
			buildActionMask = 2147483647;
			files = (
			);
			runOnlyForDeploymentPostprocessing = 0;
		};
/* End PBXFrameworksBuildPhase section */

/* Begin PBXGroup section */
		452A38761FC3C1FB003B574E = {
			isa = PBXGroup;
			children = (
				452A38811FC3C1FB003B574E /* ExchangeLabel */,
				452A38801FC3C1FB003B574E /* Products */,
			);
			sourceTree = "<group>";
		};
		452A38801FC3C1FB003B574E /* Products */ = {
			isa = PBXGroup;
			children = (
				452A387F1FC3C1FB003B574E /* ExchangeLabel.app */,
			);
			name = Products;
			sourceTree = "<group>";
		};
		452A38811FC3C1FB003B574E /* ExchangeLabel */ = {
			isa = PBXGroup;
			children = (
				452A38941FC3C214003B574E /* ExchangeView */,
				452A38821FC3C1FB003B574E /* AppDelegate.swift */,
				452A38841FC3C1FB003B574E /* ViewController.swift */,
				452A38861FC3C1FB003B574E /* Main.storyboard */,
				452A38891FC3C1FB003B574E /* Assets.xcassets */,
				452A388B1FC3C1FB003B574E /* LaunchScreen.storyboard */,
				452A388E1FC3C1FB003B574E /* Info.plist */,
			);
			path = ExchangeLabel;
			sourceTree = "<group>";
		};
		452A38941FC3C214003B574E /* ExchangeView */ = {
			isa = PBXGroup;
			children = (
				452A38971FC3C289003B574E /* CCExchangeView.swift */,
			);
			path = ExchangeView;
			sourceTree = "<group>";
		};
/* End PBXGroup section */

/* Begin PBXNativeTarget section */
		452A387E1FC3C1FB003B574E /* ExchangeLabel */ = {
			isa = PBXNativeTarget;
			buildConfigurationList = 452A38911FC3C1FB003B574E /* Build configuration list for PBXNativeTarget "ExchangeLabel" */;
			buildPhases = (
				452A387B1FC3C1FB003B574E /* Sources */,
				452A387C1FC3C1FB003B574E /* Frameworks */,
				452A387D1FC3C1FB003B574E /* Resources */,
			);
			buildRules = (
			);
			dependencies = (
			);
			name = ExchangeLabel;
			productName = ExchangeLabel;
			productReference = 452A387F1FC3C1FB003B574E /* ExchangeLabel.app */;
			productType = "com.apple.product-type.application";
		};
/* End PBXNativeTarget section */

/* Begin PBXProject section */
		452A38771FC3C1FB003B574E /* Project object */ = {
			isa = PBXProject;
			attributes = {
				LastSwiftUpdateCheck = 0900;
				LastUpgradeCheck = 0900;
				ORGANIZATIONNAME = pcbdoor.com;
				TargetAttributes = {
					452A387E1FC3C1FB003B574E = {
						CreatedOnToolsVersion = 9.0;
						ProvisioningStyle = Automatic;
					};
				};
			};
			buildConfigurationList = 452A387A1FC3C1FB003B574E /* Build configuration list for PBXProject "ExchangeLabel" */;
			compatibilityVersion = "Xcode 8.0";
			developmentRegion = en;
			hasScannedForEncodings = 0;
			knownRegions = (
				en,
				Base,
			);
			mainGroup = 452A38761FC3C1FB003B574E;
			productRefGroup = 452A38801FC3C1FB003B574E /* Products */;
			projectDirPath = "";
			projectRoot = "";
			targets = (
				452A387E1FC3C1FB003B574E /* ExchangeLabel */,
			);
		};
/* End PBXProject section */

/* Begin PBXResourcesBuildPhase section */
		452A387D1FC3C1FB003B574E /* Resources */ = {
			isa = PBXResourcesBuildPhase;
			buildActionMask = 2147483647;
			files = (
				452A388D1FC3C1FB003B574E /* LaunchScreen.storyboard in Resources */,
				452A388A1FC3C1FB003B574E /* Assets.xcassets in Resources */,
				452A38881FC3C1FB003B574E /* Main.storyboard in Resources */,
			);
			runOnlyForDeploymentPostprocessing = 0;
		};
/* End PBXResourcesBuildPhase section */

/* Begin PBXSourcesBuildPhase section */
		452A387B1FC3C1FB003B574E /* Sources */ = {
			isa = PBXSourcesBuildPhase;
			buildActionMask = 2147483647;
			files = (
				452A38851FC3C1FB003B574E /* ViewController.swift in Sources */,
				452A38981FC3C289003B574E /* CCExchangeView.swift in Sources */,
				452A38831FC3C1FB003B574E /* AppDelegate.swift in Sources */,
			);
			runOnlyForDeploymentPostprocessing = 0;
		};
/* End PBXSourcesBuildPhase section */

/* Begin PBXVariantGroup section */
		452A38861FC3C1FB003B574E /* Main.storyboard */ = {
			isa = PBXVariantGroup;
			children = (
				452A38871FC3C1FB003B574E /* Base */,
			);
			name = Main.storyboard;
			sourceTree = "<group>";
		};
		452A388B1FC3C1FB003B574E /* LaunchScreen.storyboard */ = {
			isa = PBXVariantGroup;
			children = (
				452A388C1FC3C1FB003B574E /* Base */,
			);
			name = LaunchScreen.storyboard;
			sourceTree = "<group>";
		};
/* End PBXVariantGroup section */

/* Begin XCBuildConfiguration section */
		452A388F1FC3C1FB003B574E /* Debug */ = {
			isa = XCBuildConfiguration;
			buildSettings = {
				ALWAYS_SEARCH_USER_PATHS = NO;
				CLANG_ANALYZER_NONNULL = YES;
				CLANG_ANALYZER_NUMBER_OBJECT_CONVERSION = YES_AGGRESSIVE;
				CLANG_CXX_LANGUAGE_STANDARD = "gnu++14";
				CLANG_CXX_LIBRARY = "libc++";
				CLANG_ENABLE_MODULES = YES;
				CLANG_ENABLE_OBJC_ARC = YES;
				CLANG_WARN_BLOCK_CAPTURE_AUTORELEASING = YES;
				CLANG_WARN_BOOL_CONVERSION = YES;
				CLANG_WARN_COMMA = YES;
				CLANG_WARN_CONSTANT_CONVERSION = YES;
				CLANG_WARN_DIRECT_OBJC_ISA_USAGE = YES_ERROR;
				CLANG_WARN_DOCUMENTATION_COMMENTS = YES;
				CLANG_WARN_EMPTY_BODY = YES;
				CLANG_WARN_ENUM_CONVERSION = YES;
				CLANG_WARN_INFINITE_RECURSION = YES;
				CLANG_WARN_INT_CONVERSION = YES;
				CLANG_WARN_NON_LITERAL_NULL_CONVERSION = YES;
				CLANG_WARN_OBJC_LITERAL_CONVERSION = YES;
				CLANG_WARN_OBJC_ROOT_CLASS = YES_ERROR;
				CLANG_WARN_RANGE_LOOP_ANALYSIS = YES;
				CLANG_WARN_STRICT_PROTOTYPES = YES;
				CLANG_WARN_SUSPICIOUS_MOVE = YES;
				CLANG_WARN_UNGUARDED_AVAILABILITY = YES_AGGRESSIVE;
				CLANG_WARN_UNREACHABLE_CODE = YES;
				CLANG_WARN__DUPLICATE_METHOD_MATCH = YES;
				CODE_SIGN_IDENTITY = "iPhone Developer";
				COPY_PHASE_STRIP = NO;
				DEBUG_INFORMATION_FORMAT = dwarf;
				ENABLE_STRICT_OBJC_MSGSEND = YES;
				ENABLE_TESTABILITY = YES;
				GCC_C_LANGUAGE_STANDARD = gnu11;
				GCC_DYNAMIC_NO_PIC = NO;
				GCC_NO_COMMON_BLOCKS = YES;
				GCC_OPTIMIZATION_LEVEL = 0;
				GCC_PREPROCESSOR_DEFINITIONS = (
					"DEBUG=1",
					"$(inherited)",
				);
				GCC_WARN_64_TO_32_BIT_CONVERSION = YES;
				GCC_WARN_ABOUT_RETURN_TYPE = YES_ERROR;
				GCC_WARN_UNDECLARED_SELECTOR = YES;
				GCC_WARN_UNINITIALIZED_AUTOS = YES_AGGRESSIVE;
				GCC_WARN_UNUSED_FUNCTION = YES;
				GCC_WARN_UNUSED_VARIABLE = YES;
				IPHONEOS_DEPLOYMENT_TARGET = 11.0;
				MTL_ENABLE_DEBUG_INFO = YES;
				ONLY_ACTIVE_ARCH = YES;
				SDKROOT = iphoneos;
				SWIFT_ACTIVE_COMPILATION_CONDITIONS = DEBUG;
				SWIFT_OPTIMIZATION_LEVEL = "-Onone";
			};
			name = Debug;
		};
		452A38901FC3C1FB003B574E /* Release */ = {
			isa = XCBuildConfiguration;
			buildSettings = {
				ALWAYS_SEARCH_USER_PATHS = NO;
				CLANG_ANALYZER_NONNULL = YES;
				CLANG_ANALYZER_NUMBER_OBJECT_CONVERSION = YES_AGGRESSIVE;
				CLANG_CXX_LANGUAGE_STANDARD = "gnu++14";
				CLANG_CXX_LIBRARY = "libc++";
				CLANG_ENABLE_MODULES = YES;
				CLANG_ENABLE_OBJC_ARC = YES;
				CLANG_WARN_BLOCK_CAPTURE_AUTORELEASING = YES;
				CLANG_WARN_BOOL_CONVERSION = YES;
				CLANG_WARN_COMMA = YES;
				CLANG_WARN_CONSTANT_CONVERSION = YES;
				CLANG_WARN_DIRECT_OBJC_ISA_USAGE = YES_ERROR;
				CLANG_WARN_DOCUMENTATION_COMMENTS = YES;
				CLANG_WARN_EMPTY_BODY = YES;
				CLANG_WARN_ENUM_CONVERSION = YES;
				CLANG_WARN_INFINITE_RECURSION = YES;
				CLANG_WARN_INT_CONVERSION = YES;
				CLANG_WARN_NON_LITERAL_NULL_CONVERSION = YES;
				CLANG_WARN_OBJC_LITERAL_CONVERSION = YES;
				CLANG_WARN_OBJC_ROOT_CLASS = YES_ERROR;
				CLANG_WARN_RANGE_LOOP_ANALYSIS = YES;
				CLANG_WARN_STRICT_PROTOTYPES = YES;
				CLANG_WARN_SUSPICIOUS_MOVE = YES;
				CLANG_WARN_UNGUARDED_AVAILABILITY = YES_AGGRESSIVE;
				CLANG_WARN_UNREACHABLE_CODE = YES;
				CLANG_WARN__DUPLICATE_METHOD_MATCH = YES;
				CODE_SIGN_IDENTITY = "iPhone Developer";
				COPY_PHASE_STRIP = NO;
				DEBUG_INFORMATION_FORMAT = "dwarf-with-dsym";
				ENABLE_NS_ASSERTIONS = NO;
				ENABLE_STRICT_OBJC_MSGSEND = YES;
				GCC_C_LANGUAGE_STANDARD = gnu11;
				GCC_NO_COMMON_BLOCKS = YES;
				GCC_WARN_64_TO_32_BIT_CONVERSION = YES;
				GCC_WARN_ABOUT_RETURN_TYPE = YES_ERROR;
				GCC_WARN_UNDECLARED_SELECTOR = YES;
				GCC_WARN_UNINITIALIZED_AUTOS = YES_AGGRESSIVE;
				GCC_WARN_UNUSED_FUNCTION = YES;
				GCC_WARN_UNUSED_VARIABLE = YES;
				IPHONEOS_DEPLOYMENT_TARGET = 11.0;
				MTL_ENABLE_DEBUG_INFO = NO;
				SDKROOT = iphoneos;
				SWIFT_OPTIMIZATION_LEVEL = "-Owholemodule";
				VALIDATE_PRODUCT = YES;
			};
			name = Release;
		};
		452A38921FC3C1FB003B574E /* Debug */ = {
			isa = XCBuildConfiguration;
			buildSettings = {
				ASSETCATALOG_COMPILER_APPICON_NAME = AppIcon;
				CODE_SIGN_STYLE = Automatic;
				DEVELOPMENT_TEAM = LXTMZWPQ5S;
				INFOPLIST_FILE = ExchangeLabel/Info.plist;
				IPHONEOS_DEPLOYMENT_TARGET = 9.0;
				LD_RUNPATH_SEARCH_PATHS = "$(inherited) @executable_path/Frameworks";
				PRODUCT_BUNDLE_IDENTIFIER = com.pcbdoor.ExchangeLabel;
				PRODUCT_NAME = "$(TARGET_NAME)";
				SWIFT_VERSION = 4.0;
				TARGETED_DEVICE_FAMILY = "1,2";
			};
			name = Debug;
		};
		452A38931FC3C1FB003B574E /* Release */ = {
			isa = XCBuildConfiguration;
			buildSettings = {
				ASSETCATALOG_COMPILER_APPICON_NAME = AppIcon;
				CODE_SIGN_STYLE = Automatic;
				DEVELOPMENT_TEAM = LXTMZWPQ5S;
				INFOPLIST_FILE = ExchangeLabel/Info.plist;
				IPHONEOS_DEPLOYMENT_TARGET = 9.0;
				LD_RUNPATH_SEARCH_PATHS = "$(inherited) @executable_path/Frameworks";
				PRODUCT_BUNDLE_IDENTIFIER = com.pcbdoor.ExchangeLabel;
				PRODUCT_NAME = "$(TARGET_NAME)";
				SWIFT_VERSION = 4.0;
				TARGETED_DEVICE_FAMILY = "1,2";
			};
			name = Release;
		};
/* End XCBuildConfiguration section */

/* Begin XCConfigurationList section */
		452A387A1FC3C1FB003B574E /* Build configuration list for PBXProject "ExchangeLabel" */ = {
			isa = XCConfigurationList;
			buildConfigurations = (
				452A388F1FC3C1FB003B574E /* Debug */,
				452A38901FC3C1FB003B574E /* Release */,
			);
			defaultConfigurationIsVisible = 0;
			defaultConfigurationName = Release;
		};
		452A38911FC3C1FB003B574E /* Build configuration list for PBXNativeTarget "ExchangeLabel" */ = {
			isa = XCConfigurationList;
			buildConfigurations = (
				452A38921FC3C1FB003B574E /* Debug */,
				452A38931FC3C1FB003B574E /* Release */,
			);
			defaultConfigurationIsVisible = 0;
			defaultConfigurationName = Release;
		};
/* End XCConfigurationList section */
	};
	rootObject = 452A38771FC3C1FB003B574E /* Project object */;
}
